
Microsoft Visual Studio Solution File, Format Version 12.00
# Visual Studio Version 17
VisualStudioVersion = 17.0.31903.59
MinimumVisualStudioVersion = 10.0.40219.1
Project("{FAE04EC0-301F-11D3-BF4B-00C04F79EFBC}") = "NavisAutoClash.Core", "src\NavisAutoClash.Core\NavisAutoClash.Core.csproj", "{A1B2C3D4-E5F6-7890-ABCD-EF1234567890}"
EndProject
Project("{2150E333-8FDC-42A3-9474-1A3956D46DE8}") = "src", "src", "{827E0CD3-B72D-47B6-A68D-7590B98EB39B}"
EndProject
Project("{FAE04EC0-301F-11D3-BF4B-00C04F79EFBC}") = "NavisAutoClash.Infrastructure", "src\NavisAutoClash.Infrastructure\NavisAutoClash.Infrastructure.csproj", "{3F00120F-7AFB-4DCC-BDBB-94D4E3BDFFA0}"
EndProject
Project("{FAE04EC0-301F-11D3-BF4B-00C04F79EFBC}") = "NavisAutoClash.UI", "src\NavisAutoClash.UI\NavisAutoClash.UI.csproj", "{B24ACD90-C187-4D25-A891-A49AE128F5D9}"
EndProject
Project("{FAE04EC0-301F-11D3-BF4B-00C04F79EFBC}") = "NavisAutoClash.Plugin.2024", "src\NavisAutoClash.Plugin.2024\NavisAutoClash.Plugin.2024.csproj", "{F1CFDE9A-9B9C-4605-B82E-6A86283C053B}"
EndProject
Global
	GlobalSection(SolutionConfigurationPlatforms) = preSolution
		Debug|Any CPU = Debug|Any CPU
		Debug|x64 = Debug|x64
		Debug|x86 = Debug|x86
		Release|Any CPU = Release|Any CPU
		Release|x64 = Release|x64
		Release|x86 = Release|x86
	EndGlobalSection
	GlobalSection(ProjectConfigurationPlatforms) = postSolution
		{A1B2C3D4-E5F6-7890-ABCD-EF1234567890}.Debug|Any CPU.ActiveCfg = Debug|Any CPU
		{A1B2C3D4-E5F6-7890-ABCD-EF1234567890}.Debug|Any CPU.Build.0 = Debug|Any CPU
		{A1B2C3D4-E5F6-7890-ABCD-EF1234567890}.Debug|x64.ActiveCfg = Debug|Any CPU
		{A1B2C3D4-E5F6-7890-ABCD-EF1234567890}.Debug|x64.Build.0 = Debug|Any CPU
		{A1B2C3D4-E5F6-7890-ABCD-EF1234567890}.Debug|x86.ActiveCfg = Debug|Any CPU
		{A1B2C3D4-E5F6-7890-ABCD-EF1234567890}.Debug|x86.Build.0 = Debug|Any CPU
		{A1B2C3D4-E5F6-7890-ABCD-EF1234567890}.Release|Any CPU.ActiveCfg = Release|Any CPU
		{A1B2C3D4-E5F6-7890-ABCD-EF1234567890}.Release|Any CPU.Build.0 = Release|Any CPU
		{A1B2C3D4-E5F6-7890-ABCD-EF1234567890}.Release|x64.ActiveCfg = Release|Any CPU
		{A1B2C3D4-E5F6-7890-ABCD-EF1234567890}.Release|x64.Build.0 = Release|Any CPU
		{A1B2C3D4-E5F6-7890-ABCD-EF1234567890}.Release|x86.ActiveCfg = Release|Any CPU
		{A1B2C3D4-E5F6-7890-ABCD-EF1234567890}.Release|x86.Build.0 = Release|Any CPU
		{3F00120F-7AFB-4DCC-BDBB-94D4E3BDFFA0}.Debug|Any CPU.ActiveCfg = Debug|Any CPU
		{3F00120F-7AFB-4DCC-BDBB-94D4E3BDFFA0}.Debug|Any CPU.Build.0 = Debug|Any CPU
		{3F00120F-7AFB-4DCC-BDBB-94D4E3BDFFA0}.Debug|x64.ActiveCfg = Debug|Any CPU
		{3F00120F-7AFB-4DCC-BDBB-94D4E3BDFFA0}.Debug|x64.Build.0 = Debug|Any CPU
		{3F00120F-7AFB-4DCC-BDBB-94D4E3BDFFA0}.Debug|x86.ActiveCfg = Debug|Any CPU
		{3F00120F-7AFB-4DCC-BDBB-94D4E3BDFFA0}.Debug|x86.Build.0 = Debug|Any CPU
		{3F00120F-7AFB-4DCC-BDBB-94D4E3BDFFA0}.Release|Any CPU.ActiveCfg = Release|Any CPU
		{3F00120F-7AFB-4DCC-BDBB-94D4E3BDFFA0}.Release|Any CPU.Build.0 = Release|Any CPU
		{3F00120F-7AFB-4DCC-BDBB-94D4E3BDFFA0}.Release|x64.ActiveCfg = Release|Any CPU
		{3F00120F-7AFB-4DCC-BDBB-94D4E3BDFFA0}.Release|x64.Build.0 = Release|Any CPU
		{3F00120F-7AFB-4DCC-BDBB-94D4E3BDFFA0}.Release|x86.ActiveCfg = Release|Any CPU
		{3F00120F-7AFB-4DCC-BDBB-94D4E3BDFFA0}.Release|x86.Build.0 = Release|Any CPU
		{B24ACD90-C187-4D25-A891-A49AE128F5D9}.Debug|Any CPU.ActiveCfg = Debug|Any CPU
		{B24ACD90-C187-4D25-A891-A49AE128F5D9}.Debug|Any CPU.Build.0 = Debug|Any CPU
		{B24ACD90-C187-4D25-A891-A49AE128F5D9}.Debug|x64.ActiveCfg = Debug|Any CPU
		{B24ACD90-C187-4D25-A891-A49AE128F5D9}.Debug|x64.Build.0 = Debug|Any CPU
		{B24ACD90-C187-4D25-A891-A49AE128F5D9}.Debug|x86.ActiveCfg = Debug|Any CPU
		{B24ACD90-C187-4D25-A891-A49AE128F5D9}.Debug|x86.Build.0 = Debug|Any CPU
		{B24ACD90-C187-4D25-A891-A49AE128F5D9}.Release|Any CPU.ActiveCfg = Release|Any CPU
		{B24ACD90-C187-4D25-A891-A49AE128F5D9}.Release|Any CPU.Build.0 = Release|Any CPU
		{B24ACD90-C187-4D25-A891-A49AE128F5D9}.Release|x64.ActiveCfg = Release|Any CPU
		{B24ACD90-C187-4D25-A891-A49AE128F5D9}.Release|x64.Build.0 = Release|Any CPU
		{B24ACD90-C187-4D25-A891-A49AE128F5D9}.Release|x86.ActiveCfg = Release|Any CPU
		{B24ACD90-C187-4D25-A891-A49AE128F5D9}.Release|x86.Build.0 = Release|Any CPU
		{F1CFDE9A-9B9C-4605-B82E-6A86283C053B}.Debug|Any CPU.ActiveCfg = Debug|Any CPU
		{F1CFDE9A-9B9C-4605-B82E-6A86283C053B}.Debug|Any CPU.Build.0 = Debug|Any CPU
		{F1CFDE9A-9B9C-4605-B82E-6A86283C053B}.Debug|x64.ActiveCfg = Debug|Any CPU
		{F1CFDE9A-9B9C-4605-B82E-6A86283C053B}.Debug|x64.Build.0 = Debug|Any CPU
		{F1CFDE9A-9B9C-4605-B82E-6A86283C053B}.Debug|x86.ActiveCfg = Debug|Any CPU
		{F1CFDE9A-9B9C-4605-B82E-6A86283C053B}.Debug|x86.Build.0 = Debug|Any CPU
		{F1CFDE9A-9B9C-4605-B82E-6A86283C053B}.Release|Any CPU.ActiveCfg = Release|Any CPU
		{F1CFDE9A-9B9C-4605-B82E-6A86283C053B}.Release|Any CPU.Build.0 = Release|Any CPU
		{F1CFDE9A-9B9C-4605-B82E-6A86283C053B}.Release|x64.ActiveCfg = Release|Any CPU
		{F1CFDE9A-9B9C-4605-B82E-6A86283C053B}.Release|x64.Build.0 = Release|Any CPU
		{F1CFDE9A-9B9C-4605-B82E-6A86283C053B}.Release|x86.ActiveCfg = Release|Any CPU
		{F1CFDE9A-9B9C-4605-B82E-6A86283C053B}.Release|x86.Build.0 = Release|Any CPU
	EndGlobalSection
	GlobalSection(SolutionProperties) = preSolution
		HideSolutionNode = FALSE
	EndGlobalSection
	GlobalSection(NestedProjects) = preSolution
		{3F00120F-7AFB-4DCC-BDBB-94D4E3BDFFA0} = {827E0CD3-B72D-47B6-A68D-7590B98EB39B}
		{B24ACD90-C187-4D25-A891-A49AE128F5D9} = {827E0CD3-B72D-47B6-A68D-7590B98EB39B}
		{F1CFDE9A-9B9C-4605-B82E-6A86283C053B} = {827E0CD3-B72D-47B6-A68D-7590B98EB39B}
	EndGlobalSection
	GlobalSection(ExtensibilityGlobals) = postSolution
		SolutionGuid = {E65DA900-D9F5-44E4-9135-9D474A2697EB}
	EndGlobalSection
EndGlobal
